
Microsoft Visual Studio Solution File, Format Version 12.00
# Visual Studio Version 16
VisualStudioVersion = 16.0.31515.178
MinimumVisualStudioVersion = 10.0.40219.1
Project("{9A19103F-16F7-4668-BE54-9A1E7A4F7556}") = "FitnessApp.ServiceBus", "FitnessApp.ServiceBus\FitnessApp.ServiceBus.csproj", "{9499CEDA-865D-40E7-AF26-090920D15A49}"
EndProject
Global
	GlobalSection(SolutionConfigurationPlatforms) = preSolution
		Debug|Any CPU = Debug|Any CPU
		Release|Any CPU = Release|Any CPU
	EndGlobalSection
	GlobalSection(ProjectConfigurationPlatforms) = postSolution
		{9499CEDA-865D-40E7-AF26-090920D15A49}.Debug|Any CPU.ActiveCfg = Debug|Any CPU
		{9499CEDA-865D-40E7-AF26-090920D15A49}.Debug|Any CPU.Build.0 = Debug|Any CPU
		{9499CEDA-865D-40E7-AF26-090920D15A49}.Release|Any CPU.ActiveCfg = Release|Any CPU
		{9499CEDA-865D-40E7-AF26-090920D15A49}.Release|Any CPU.Build.0 = Release|Any CPU
	EndGlobalSection
	GlobalSection(SolutionProperties) = preSolution
		HideSolutionNode = FALSE
	EndGlobalSection
	GlobalSection(ExtensibilityGlobals) = postSolution
		SolutionGuid = {86ACBD46-4447-45F3-860D-A401D5E5CD56}
	EndGlobalSection
EndGlobal
